{
  "projects": [
    {
      "projectId": "7nJ7UcFmq9UzB6eXfC5z4a",
      "version": "0.6.0",
      "dependencies": {},
      "lang": "ts",
      "fileLocks": [
        {
          "assetId": "7nJ7UcFmq9UzB6eXfC5z4a",
          "type": "projectCss",
          "checksum": "27ff92c469db18011be32216514596d3"
        }
      ],
      "codegenVersion": "0.0.1"
    },
    {
      "projectId": "YUiM7yqBWAqsh8KSnrdj7",
      "version": "0.7.0",
      "dependencies": {},
      "lang": "ts",
      "fileLocks": [
        {
          "assetId": "YUiM7yqBWAqsh8KSnrdj7",
          "type": "projectCss",
          "checksum": "2fbd4f1271251181eddf2a18b4fa3566"
        }
      ],
      "codegenVersion": "0.0.1"
    },
    {
      "projectId": "r6sSLbmSTeVjqGUVythgwH",
      "version": "latest",
      "dependencies": {
        "YUiM7yqBWAqsh8KSnrdj7": "0.7.0",
        "7nJ7UcFmq9UzB6eXfC5z4a": "0.6.0",
        "28Ba3BDvRe7EiWdfFNnLB6": "2.10.0",
        "8PtdGodUbexNYgkuyBUcWu": "3.6.0"
      },
      "lang": "ts",
      "fileLocks": [
        {
          "type": "globalVariant",
          "assetId": "mE8VSUsoIpq2e",
          "checksum": "6e31922ca36e188c418f0fdd4d2c5d7a"
        },
        {
          "type": "renderModule",
          "assetId": "Kqr_HwzDFT",
          "checksum": "a97f6b64db91b2df950be56e6555a31d"
        },
        {
          "type": "cssRules",
          "assetId": "Kqr_HwzDFT",
          "checksum": "a97f6b64db91b2df950be56e6555a31d"
        },
        {
          "type": "renderModule",
          "assetId": "qQe6YhWQiQ",
          "checksum": "285bf9a10ab5112c337d1f137e401781"
        },
        {
          "type": "cssRules",
          "assetId": "qQe6YhWQiQ",
          "checksum": "285bf9a10ab5112c337d1f137e401781"
        },
        {
          "type": "renderModule",
          "assetId": "5XZgnc_Vja6",
          "checksum": "0d14b818534cf1148669611eaa3895fe"
        },
        {
          "type": "cssRules",
          "assetId": "5XZgnc_Vja6",
          "checksum": "0d14b818534cf1148669611eaa3895fe"
        },
        {
          "type": "renderModule",
          "assetId": "IMj4TUj-w8",
          "checksum": "ea74deb5aa6f193864b63aa1e0d0a122"
        },
        {
          "type": "cssRules",
          "assetId": "IMj4TUj-w8",
          "checksum": "ea74deb5aa6f193864b63aa1e0d0a122"
        },
        {
          "type": "renderModule",
          "assetId": "m1Xqf2MW_yA",
          "checksum": "7f6ebec1b22176599e8a07b2fe6d65e0"
        },
        {
          "type": "cssRules",
          "assetId": "m1Xqf2MW_yA",
          "checksum": "7f6ebec1b22176599e8a07b2fe6d65e0"
        },
        {
          "type": "renderModule",
          "assetId": "M9Ku_AMa4YF",
          "checksum": "9c82f0cfaf33cbec1be5c12c1c362ab0"
        },
        {
          "type": "cssRules",
          "assetId": "M9Ku_AMa4YF",
          "checksum": "9c82f0cfaf33cbec1be5c12c1c362ab0"
        },
        {
          "type": "renderModule",
          "assetId": "Z3Yg9LqM_2",
          "checksum": "470f8a732cb3df544def2ef4cdf40a20"
        },
        {
          "type": "cssRules",
          "assetId": "Z3Yg9LqM_2",
          "checksum": "470f8a732cb3df544def2ef4cdf40a20"
        },
        {
          "type": "icon",
          "assetId": "m7errmFAKi2",
          "checksum": "4df1ecd78f37ea4c1f2b097a25ca4662"
        },
        {
          "type": "icon",
          "assetId": "5goO553KlvC",
          "checksum": "9d55227690434cae9303f2eb7768e08a"
        },
        {
          "type": "icon",
          "assetId": "_4_GqcBrJ",
          "checksum": "6001cdbcf94a15e43f82fd57d7b6c037"
        },
        {
          "type": "icon",
          "assetId": "A1GodbM3-",
          "checksum": "1708ed4b7cb9415758141051f8ae18b3"
        },
        {
          "type": "icon",
          "assetId": "XT8KYqZLvm1",
          "checksum": "9a87127df3ad43a751aa4b956342dd34"
        },
        {
          "type": "icon",
          "assetId": "-d2BCB21Y",
          "checksum": "8526b533021ce093ed54f7f2d2dc77bd"
        },
        {
          "type": "image",
          "assetId": "kLiRbrGwqIE",
          "checksum": "392d5d8d4b7dd1ce8e23e982a90d238b"
        },
        {
          "type": "renderModule",
          "assetId": "OOOAytBF10",
          "checksum": "f32344322101b8d9655300782c2b6156"
        },
        {
          "type": "cssRules",
          "assetId": "OOOAytBF10",
          "checksum": "f32344322101b8d9655300782c2b6156"
        },
        {
          "type": "renderModule",
          "assetId": "-XSVHb6IkX",
          "checksum": "92305046c8ee351b8c0885902ac4c00b"
        },
        {
          "type": "cssRules",
          "assetId": "-XSVHb6IkX",
          "checksum": "92305046c8ee351b8c0885902ac4c00b"
        },
        {
          "assetId": "r6sSLbmSTeVjqGUVythgwH",
          "checksum": "a095a0fc86f67523dc346d621bc8d157",
          "type": "globalContexts"
        },
        {
          "type": "renderModule",
          "assetId": "VbEzpHHmnC",
          "checksum": "f5c9408b753b1f3213a4f910b57a399c"
        },
        {
          "type": "cssRules",
          "assetId": "VbEzpHHmnC",
          "checksum": "f5c9408b753b1f3213a4f910b57a399c"
        },
        {
          "type": "renderModule",
          "assetId": "u2MWSbFe2Y",
          "checksum": "3d76ea933e2c62a2317230dee2a8a3de"
        },
        {
          "type": "cssRules",
          "assetId": "u2MWSbFe2Y",
          "checksum": "3d76ea933e2c62a2317230dee2a8a3de"
        },
        {
          "type": "image",
          "assetId": "nwfs4g9pu",
          "checksum": "d3317b01dce67f2404dde1000ece7741"
        },
        {
          "type": "image",
          "assetId": "UwV3Dgyhv",
          "checksum": "8513be955bc08e3eb8e5fbe74a1ab1a3"
        },
        {
          "type": "image",
          "assetId": "R9foFE9T5",
          "checksum": "2839476f62bb8fa6437d36566f7713f5"
        },
        {
          "type": "image",
          "assetId": "omorHPLCi",
          "checksum": "f50dbea543f143e1ec8ee6748b117b63"
        },
        {
          "type": "renderModule",
          "assetId": "b5zZcZO5NB",
          "checksum": "9ab4a7cec7831f7bfac4f6e443c28efb"
        },
        {
          "type": "cssRules",
          "assetId": "b5zZcZO5NB",
          "checksum": "9ab4a7cec7831f7bfac4f6e443c28efb"
        },
        {
          "assetId": "r6sSLbmSTeVjqGUVythgwH",
          "type": "projectCss",
          "checksum": "9f95c5a1495a88096d5f55a65701959b"
        }
      ],
      "codegenVersion": "0.0.1"
    },
    {
      "projectId": "28Ba3BDvRe7EiWdfFNnLB6",
      "version": "2.10.0",
      "dependencies": {},
      "lang": "ts",
      "fileLocks": [
        {
          "assetId": "28Ba3BDvRe7EiWdfFNnLB6",
          "type": "projectCss",
          "checksum": "87db3f38ab09de17055a82a444e32ce3"
        }
      ],
      "codegenVersion": "0.0.1"
    },
    {
      "projectId": "8PtdGodUbexNYgkuyBUcWu",
      "version": "3.6.0",
      "dependencies": {},
      "lang": "ts",
      "fileLocks": [
        {
          "assetId": "8PtdGodUbexNYgkuyBUcWu",
          "type": "projectCss",
          "checksum": "70a020cc0c157d418777efda97c4ba33"
        },
        {
          "assetId": "8PtdGodUbexNYgkuyBUcWu",
          "checksum": "82081a65ef0a9809edc60ec6b4a9d708",
          "type": "globalContexts"
        }
      ],
      "codegenVersion": "0.0.1"
    }
  ],
  "cliVersion": "0.1.187"
}
