{
  "projects": [
    {
      "projectId": "7nJ7UcFmq9UzB6eXfC5z4a",
      "version": "0.6.0",
      "dependencies": {},
      "lang": "ts",
      "fileLocks": [
        {
          "assetId": "7nJ7UcFmq9UzB6eXfC5z4a",
          "type": "projectCss",
          "checksum": "27ff92c469db18011be32216514596d3"
        }
      ],
      "codegenVersion": "0.0.1"
    },
    {
      "projectId": "YUiM7yqBWAqsh8KSnrdj7",
      "version": "0.7.0",
      "dependencies": {},
      "lang": "ts",
      "fileLocks": [
        {
          "assetId": "YUiM7yqBWAqsh8KSnrdj7",
          "type": "projectCss",
          "checksum": "2fbd4f1271251181eddf2a18b4fa3566"
        }
      ],
      "codegenVersion": "0.0.1"
    },
    {
      "projectId": "r6sSLbmSTeVjqGUVythgwH",
      "version": "latest",
      "dependencies": {
        "YUiM7yqBWAqsh8KSnrdj7": "0.7.0",
        "7nJ7UcFmq9UzB6eXfC5z4a": "0.6.0",
        "28Ba3BDvRe7EiWdfFNnLB6": "2.10.0",
        "8PtdGodUbexNYgkuyBUcWu": "3.6.0"
      },
      "lang": "ts",
      "fileLocks": [
        {
          "type": "globalVariant",
          "assetId": "mE8VSUsoIpq2e",
          "checksum": "6e31922ca36e188c418f0fdd4d2c5d7a"
        },
        {
          "type": "renderModule",
          "assetId": "Kqr_HwzDFT",
          "checksum": "e229602479aabc7b96cea7f43ec48614"
        },
        {
          "type": "cssRules",
          "assetId": "Kqr_HwzDFT",
          "checksum": "e229602479aabc7b96cea7f43ec48614"
        },
        {
          "type": "renderModule",
          "assetId": "qQe6YhWQiQ",
          "checksum": "f2b867a84aa7e516db8676e8a6969096"
        },
        {
          "type": "cssRules",
          "assetId": "qQe6YhWQiQ",
          "checksum": "f2b867a84aa7e516db8676e8a6969096"
        },
        {
          "type": "renderModule",
          "assetId": "5XZgnc_Vja6",
          "checksum": "201c8d9a9b3f35813ee4d585fa253fd7"
        },
        {
          "type": "cssRules",
          "assetId": "5XZgnc_Vja6",
          "checksum": "201c8d9a9b3f35813ee4d585fa253fd7"
        },
        {
          "type": "renderModule",
          "assetId": "IMj4TUj-w8",
          "checksum": "46ca758a889db33fe9edc1a978178f71"
        },
        {
          "type": "cssRules",
          "assetId": "IMj4TUj-w8",
          "checksum": "46ca758a889db33fe9edc1a978178f71"
        },
        {
          "type": "renderModule",
          "assetId": "m1Xqf2MW_yA",
          "checksum": "c7f75bc4a7e94b4a2205c0a6b642a581"
        },
        {
          "type": "cssRules",
          "assetId": "m1Xqf2MW_yA",
          "checksum": "c7f75bc4a7e94b4a2205c0a6b642a581"
        },
        {
          "type": "renderModule",
          "assetId": "M9Ku_AMa4YF",
          "checksum": "2e559d527bfc38048be8c2be49ec7a0f"
        },
        {
          "type": "cssRules",
          "assetId": "M9Ku_AMa4YF",
          "checksum": "2e559d527bfc38048be8c2be49ec7a0f"
        },
        {
          "type": "renderModule",
          "assetId": "Z3Yg9LqM_2",
          "checksum": "06522e79c89d20d2b6559998bced1510"
        },
        {
          "type": "cssRules",
          "assetId": "Z3Yg9LqM_2",
          "checksum": "06522e79c89d20d2b6559998bced1510"
        },
        {
          "type": "icon",
          "assetId": "m7errmFAKi2",
          "checksum": "4df1ecd78f37ea4c1f2b097a25ca4662"
        },
        {
          "type": "icon",
          "assetId": "5goO553KlvC",
          "checksum": "9d55227690434cae9303f2eb7768e08a"
        },
        {
          "type": "icon",
          "assetId": "_4_GqcBrJ",
          "checksum": "6001cdbcf94a15e43f82fd57d7b6c037"
        },
        {
          "type": "icon",
          "assetId": "A1GodbM3-",
          "checksum": "1708ed4b7cb9415758141051f8ae18b3"
        },
        {
          "type": "icon",
          "assetId": "XT8KYqZLvm1",
          "checksum": "9a87127df3ad43a751aa4b956342dd34"
        },
        {
          "type": "icon",
          "assetId": "-d2BCB21Y",
          "checksum": "8526b533021ce093ed54f7f2d2dc77bd"
        },
        {
          "type": "image",
          "assetId": "kLiRbrGwqIE",
          "checksum": "392d5d8d4b7dd1ce8e23e982a90d238b"
        },
        {
          "type": "renderModule",
          "assetId": "OOOAytBF10",
          "checksum": "748e58c80bee1c6287965a5b288b257e"
        },
        {
          "type": "cssRules",
          "assetId": "OOOAytBF10",
          "checksum": "748e58c80bee1c6287965a5b288b257e"
        },
        {
          "type": "renderModule",
          "assetId": "-XSVHb6IkX",
          "checksum": "5872cb81d5fb2afed2c8c8974c7d0b31"
        },
        {
          "type": "cssRules",
          "assetId": "-XSVHb6IkX",
          "checksum": "5872cb81d5fb2afed2c8c8974c7d0b31"
        },
        {
          "assetId": "r6sSLbmSTeVjqGUVythgwH",
          "checksum": "a095a0fc86f67523dc346d621bc8d157",
          "type": "globalContexts"
        },
        {
          "type": "renderModule",
          "assetId": "VbEzpHHmnC",
          "checksum": "3e228dc717f1d05ef47b810b6363d7f4"
        },
        {
          "type": "cssRules",
          "assetId": "VbEzpHHmnC",
          "checksum": "3e228dc717f1d05ef47b810b6363d7f4"
        },
        {
          "type": "renderModule",
          "assetId": "u2MWSbFe2Y",
          "checksum": "a97626e6ac6197f01a960a65d8561f8d"
        },
        {
          "type": "cssRules",
          "assetId": "u2MWSbFe2Y",
          "checksum": "a97626e6ac6197f01a960a65d8561f8d"
        },
        {
          "type": "image",
          "assetId": "nwfs4g9pu",
          "checksum": "d3317b01dce67f2404dde1000ece7741"
        },
        {
          "type": "image",
          "assetId": "UwV3Dgyhv",
          "checksum": "8513be955bc08e3eb8e5fbe74a1ab1a3"
        },
        {
          "type": "image",
          "assetId": "R9foFE9T5",
          "checksum": "2839476f62bb8fa6437d36566f7713f5"
        },
        {
          "type": "image",
          "assetId": "omorHPLCi",
          "checksum": "f50dbea543f143e1ec8ee6748b117b63"
        },
        {
          "type": "renderModule",
          "assetId": "b5zZcZO5NB",
          "checksum": "eb0cf60171250fe30d8c2e7c07687a49"
        },
        {
          "type": "cssRules",
          "assetId": "b5zZcZO5NB",
          "checksum": "eb0cf60171250fe30d8c2e7c07687a49"
        },
        {
          "assetId": "r6sSLbmSTeVjqGUVythgwH",
          "type": "projectCss",
          "checksum": "9f95c5a1495a88096d5f55a65701959b"
        }
      ],
      "codegenVersion": "0.0.1"
    },
    {
      "projectId": "28Ba3BDvRe7EiWdfFNnLB6",
      "version": "2.10.0",
      "dependencies": {},
      "lang": "ts",
      "fileLocks": [
        {
          "assetId": "28Ba3BDvRe7EiWdfFNnLB6",
          "type": "projectCss",
          "checksum": "87db3f38ab09de17055a82a444e32ce3"
        }
      ],
      "codegenVersion": "0.0.1"
    },
    {
      "projectId": "8PtdGodUbexNYgkuyBUcWu",
      "version": "3.6.0",
      "dependencies": {},
      "lang": "ts",
      "fileLocks": [
        {
          "assetId": "8PtdGodUbexNYgkuyBUcWu",
          "type": "projectCss",
          "checksum": "70a020cc0c157d418777efda97c4ba33"
        },
        {
          "assetId": "8PtdGodUbexNYgkuyBUcWu",
          "checksum": "82081a65ef0a9809edc60ec6b4a9d708",
          "type": "globalContexts"
        }
      ],
      "codegenVersion": "0.0.1"
    }
  ],
  "cliVersion": "0.1.187"
}
