{
  "projects": [
    {
      "projectId": "7nJ7UcFmq9UzB6eXfC5z4a",
      "version": "0.6.0",
      "dependencies": {},
      "lang": "ts",
      "fileLocks": [
        {
          "assetId": "7nJ7UcFmq9UzB6eXfC5z4a",
          "type": "projectCss",
          "checksum": "27ff92c469db18011be32216514596d3"
        }
      ],
      "codegenVersion": "0.0.1"
    },
    {
      "projectId": "YUiM7yqBWAqsh8KSnrdj7",
      "version": "0.7.0",
      "dependencies": {},
      "lang": "ts",
      "fileLocks": [
        {
          "assetId": "YUiM7yqBWAqsh8KSnrdj7",
          "type": "projectCss",
          "checksum": "2fbd4f1271251181eddf2a18b4fa3566"
        }
      ],
      "codegenVersion": "0.0.1"
    },
    {
      "projectId": "r6sSLbmSTeVjqGUVythgwH",
      "version": "latest",
      "dependencies": {
        "YUiM7yqBWAqsh8KSnrdj7": "0.7.0",
        "7nJ7UcFmq9UzB6eXfC5z4a": "0.6.0",
        "28Ba3BDvRe7EiWdfFNnLB6": "2.10.0",
        "8PtdGodUbexNYgkuyBUcWu": "3.6.0"
      },
      "lang": "ts",
      "fileLocks": [
        {
          "type": "globalVariant",
          "assetId": "mE8VSUsoIpq2e",
          "checksum": "6e31922ca36e188c418f0fdd4d2c5d7a"
        },
        {
          "type": "renderModule",
          "assetId": "Kqr_HwzDFT",
          "checksum": "dfb024c4fe8a03a08575c456ac579dc1"
        },
        {
          "type": "cssRules",
          "assetId": "Kqr_HwzDFT",
          "checksum": "dfb024c4fe8a03a08575c456ac579dc1"
        },
        {
          "type": "renderModule",
          "assetId": "qQe6YhWQiQ",
          "checksum": "fe3fa3a9e38c243abb19fbcb72e87663"
        },
        {
          "type": "cssRules",
          "assetId": "qQe6YhWQiQ",
          "checksum": "fe3fa3a9e38c243abb19fbcb72e87663"
        },
        {
          "type": "renderModule",
          "assetId": "5XZgnc_Vja6",
          "checksum": "d348aae04214c90c93262bc1ced026f4"
        },
        {
          "type": "cssRules",
          "assetId": "5XZgnc_Vja6",
          "checksum": "d348aae04214c90c93262bc1ced026f4"
        },
        {
          "type": "renderModule",
          "assetId": "IMj4TUj-w8",
          "checksum": "fc95b9ff91eecc7d32e108c795963874"
        },
        {
          "type": "cssRules",
          "assetId": "IMj4TUj-w8",
          "checksum": "fc95b9ff91eecc7d32e108c795963874"
        },
        {
          "type": "renderModule",
          "assetId": "m1Xqf2MW_yA",
          "checksum": "5710f6021c6a8afc626f57c24822974c"
        },
        {
          "type": "cssRules",
          "assetId": "m1Xqf2MW_yA",
          "checksum": "5710f6021c6a8afc626f57c24822974c"
        },
        {
          "type": "renderModule",
          "assetId": "M9Ku_AMa4YF",
          "checksum": "6198046cdc60145105ec0eae88442fa4"
        },
        {
          "type": "cssRules",
          "assetId": "M9Ku_AMa4YF",
          "checksum": "6198046cdc60145105ec0eae88442fa4"
        },
        {
          "type": "renderModule",
          "assetId": "Z3Yg9LqM_2",
          "checksum": "a85b86cb7bc3ed0bf8ecc2f6ebe6e1b4"
        },
        {
          "type": "cssRules",
          "assetId": "Z3Yg9LqM_2",
          "checksum": "a85b86cb7bc3ed0bf8ecc2f6ebe6e1b4"
        },
        {
          "type": "icon",
          "assetId": "m7errmFAKi2",
          "checksum": "4df1ecd78f37ea4c1f2b097a25ca4662"
        },
        {
          "type": "icon",
          "assetId": "5goO553KlvC",
          "checksum": "9d55227690434cae9303f2eb7768e08a"
        },
        {
          "type": "icon",
          "assetId": "_4_GqcBrJ",
          "checksum": "6001cdbcf94a15e43f82fd57d7b6c037"
        },
        {
          "type": "icon",
          "assetId": "A1GodbM3-",
          "checksum": "1708ed4b7cb9415758141051f8ae18b3"
        },
        {
          "type": "icon",
          "assetId": "XT8KYqZLvm1",
          "checksum": "9a87127df3ad43a751aa4b956342dd34"
        },
        {
          "type": "icon",
          "assetId": "-d2BCB21Y",
          "checksum": "8526b533021ce093ed54f7f2d2dc77bd"
        },
        {
          "type": "image",
          "assetId": "kLiRbrGwqIE",
          "checksum": "392d5d8d4b7dd1ce8e23e982a90d238b"
        },
        {
          "type": "renderModule",
          "assetId": "OOOAytBF10",
          "checksum": "24ad6965b805554a628b48da6d66bf40"
        },
        {
          "type": "cssRules",
          "assetId": "OOOAytBF10",
          "checksum": "24ad6965b805554a628b48da6d66bf40"
        },
        {
          "type": "renderModule",
          "assetId": "-XSVHb6IkX",
          "checksum": "1526a280cd8e1374b00372c1ec64e309"
        },
        {
          "type": "cssRules",
          "assetId": "-XSVHb6IkX",
          "checksum": "1526a280cd8e1374b00372c1ec64e309"
        },
        {
          "assetId": "r6sSLbmSTeVjqGUVythgwH",
          "checksum": "a095a0fc86f67523dc346d621bc8d157",
          "type": "globalContexts"
        },
        {
          "type": "renderModule",
          "assetId": "VbEzpHHmnC",
          "checksum": "3ee70a3e62ad204118e4248734d1542c"
        },
        {
          "type": "cssRules",
          "assetId": "VbEzpHHmnC",
          "checksum": "3ee70a3e62ad204118e4248734d1542c"
        },
        {
          "type": "renderModule",
          "assetId": "u2MWSbFe2Y",
          "checksum": "291d1a25ffc532dc9eb7444818b772eb"
        },
        {
          "type": "cssRules",
          "assetId": "u2MWSbFe2Y",
          "checksum": "291d1a25ffc532dc9eb7444818b772eb"
        },
        {
          "type": "image",
          "assetId": "nwfs4g9pu",
          "checksum": "d3317b01dce67f2404dde1000ece7741"
        },
        {
          "type": "image",
          "assetId": "UwV3Dgyhv",
          "checksum": "8513be955bc08e3eb8e5fbe74a1ab1a3"
        },
        {
          "type": "image",
          "assetId": "R9foFE9T5",
          "checksum": "2839476f62bb8fa6437d36566f7713f5"
        },
        {
          "type": "image",
          "assetId": "omorHPLCi",
          "checksum": "f50dbea543f143e1ec8ee6748b117b63"
        },
        {
          "type": "renderModule",
          "assetId": "b5zZcZO5NB",
          "checksum": "e7dbbda66bea11cfb3fafbfc4378f8b8"
        },
        {
          "type": "cssRules",
          "assetId": "b5zZcZO5NB",
          "checksum": "e7dbbda66bea11cfb3fafbfc4378f8b8"
        },
        {
          "type": "image",
          "assetId": "wHpmxF6s3",
          "checksum": "4276f4b6d64acd1f8829e4aa7c4e361f"
        },
        {
          "type": "renderModule",
          "assetId": "0vArQkaL-y",
          "checksum": "91b711e61f3ae2adb8e0ee0856e35526"
        },
        {
          "type": "cssRules",
          "assetId": "0vArQkaL-y",
          "checksum": "91b711e61f3ae2adb8e0ee0856e35526"
        },
        {
          "type": "renderModule",
          "assetId": "Xmjnrrq0VJU",
          "checksum": "f429c3f0bbfd72baf7b6f7059cc40920"
        },
        {
          "type": "cssRules",
          "assetId": "Xmjnrrq0VJU",
          "checksum": "f429c3f0bbfd72baf7b6f7059cc40920"
        },
        {
          "type": "renderModule",
          "assetId": "K7dHRkPjzER",
          "checksum": "5b6d5be99dc2e456b6caec73630eafb6"
        },
        {
          "type": "cssRules",
          "assetId": "K7dHRkPjzER",
          "checksum": "5b6d5be99dc2e456b6caec73630eafb6"
        },
        {
          "type": "renderModule",
          "assetId": "oHFr2fPPs6z",
          "checksum": "3512e42f04ee84c617045dfd5ec10ba3"
        },
        {
          "type": "cssRules",
          "assetId": "oHFr2fPPs6z",
          "checksum": "3512e42f04ee84c617045dfd5ec10ba3"
        },
        {
          "type": "renderModule",
          "assetId": "zwcWuM5VBA0",
          "checksum": "8e6dbcf46de3ecccbfe4b1a24c87b6b3"
        },
        {
          "type": "cssRules",
          "assetId": "zwcWuM5VBA0",
          "checksum": "8e6dbcf46de3ecccbfe4b1a24c87b6b3"
        },
        {
          "type": "icon",
          "assetId": "jYrBM326tOS",
          "checksum": "37898116ad42c31508e1a3db114ffd2a"
        },
        {
          "type": "icon",
          "assetId": "LCKhzS2dM9B",
          "checksum": "e1ed1ee5150e4d23940b14be058f0e5d"
        },
        {
          "assetId": "r6sSLbmSTeVjqGUVythgwH",
          "type": "projectCss",
          "checksum": "9f95c5a1495a88096d5f55a65701959b"
        }
      ],
      "codegenVersion": "0.0.1"
    },
    {
      "projectId": "28Ba3BDvRe7EiWdfFNnLB6",
      "version": "2.10.0",
      "dependencies": {},
      "lang": "ts",
      "fileLocks": [
        {
          "assetId": "28Ba3BDvRe7EiWdfFNnLB6",
          "type": "projectCss",
          "checksum": "87db3f38ab09de17055a82a444e32ce3"
        }
      ],
      "codegenVersion": "0.0.1"
    },
    {
      "projectId": "8PtdGodUbexNYgkuyBUcWu",
      "version": "3.6.0",
      "dependencies": {},
      "lang": "ts",
      "fileLocks": [
        {
          "assetId": "8PtdGodUbexNYgkuyBUcWu",
          "type": "projectCss",
          "checksum": "70a020cc0c157d418777efda97c4ba33"
        },
        {
          "assetId": "8PtdGodUbexNYgkuyBUcWu",
          "checksum": "82081a65ef0a9809edc60ec6b4a9d708",
          "type": "globalContexts"
        }
      ],
      "codegenVersion": "0.0.1"
    }
  ],
  "cliVersion": "0.1.187"
}
